// !$*UTF8*$!
{
	archiveVersion = 1;
	classes = {
	};
	objectVersion = 51;
	objects = {

/* Begin PBXBuildFile section */
		84053A722481E93D00A698AA /* AppDelegate.swift in Sources */ = {isa = PBXBuildFile; fileRef = 84053A712481E93D00A698AA /* AppDelegate.swift */; };
		84053A762481E93D00A698AA /* ViewController.swift in Sources */ = {isa = PBXBuildFile; fileRef = 84053A752481E93D00A698AA /* ViewController.swift */; };
		84053A792481E93D00A698AA /* Main.storyboard in Resources */ = {isa = PBXBuildFile; fileRef = 84053A772481E93D00A698AA /* Main.storyboard */; };
		84053A7B2481E94200A698AA /* Assets.xcassets in Resources */ = {isa = PBXBuildFile; fileRef = 84053A7A2481E94200A698AA /* Assets.xcassets */; };
		84053A7E2481E94200A698AA /* LaunchScreen.storyboard in Resources */ = {isa = PBXBuildFile; fileRef = 84053A7C2481E94200A698AA /* LaunchScreen.storyboard */; };
		84053A892481E94200A698AA /* WKDJTests.swift in Sources */ = {isa = PBXBuildFile; fileRef = 84053A882481E94200A698AA /* WKDJTests.swift */; };
		84053A942481E94200A698AA /* WKDJUITests.swift in Sources */ = {isa = PBXBuildFile; fileRef = 84053A932481E94200A698AA /* WKDJUITests.swift */; };
		84053AA82481ECEE00A698AA /* ZMNavigationViewController.swift in Sources */ = {isa = PBXBuildFile; fileRef = 84053AA72481ECEE00A698AA /* ZMNavigationViewController.swift */; };
		84363C9C248360D200CFA6C7 /* UIImageView+DefaultSetting.m in Sources */ = {isa = PBXBuildFile; fileRef = 84363C9B248360D200CFA6C7 /* UIImageView+DefaultSetting.m */; };
		84363C9F2483B83E00CFA6C7 /* ZMGameListCollectionViewController.swift in Sources */ = {isa = PBXBuildFile; fileRef = 84363C9D2483B83D00CFA6C7 /* ZMGameListCollectionViewController.swift */; };
		84363CA02483B83E00CFA6C7 /* ZMGameListCollectionViewController.xib in Resources */ = {isa = PBXBuildFile; fileRef = 84363C9E2483B83D00CFA6C7 /* ZMGameListCollectionViewController.xib */; };
		84363CA32483B89600CFA6C7 /* ZMGameListCollectionViewCell.swift in Sources */ = {isa = PBXBuildFile; fileRef = 84363CA12483B89600CFA6C7 /* ZMGameListCollectionViewCell.swift */; };
		84363CA42483B89600CFA6C7 /* ZMGameListCollectionViewCell.xib in Resources */ = {isa = PBXBuildFile; fileRef = 84363CA22483B89600CFA6C7 /* ZMGameListCollectionViewCell.xib */; };
		84363CA62483F0C900CFA6C7 /* ZMGameListInfo.swift in Sources */ = {isa = PBXBuildFile; fileRef = 84363CA52483F0C900CFA6C7 /* ZMGameListInfo.swift */; };
		84DA234F2482354E00B33587 /* ZMHomeViewController.swift in Sources */ = {isa = PBXBuildFile; fileRef = 84DA234D2482354E00B33587 /* ZMHomeViewController.swift */; };
		84DA23502482354E00B33587 /* ZMHomeViewController.xib in Resources */ = {isa = PBXBuildFile; fileRef = 84DA234E2482354E00B33587 /* ZMHomeViewController.xib */; };
		84DA235324823B5A00B33587 /* ZMSportsViewController.swift in Sources */ = {isa = PBXBuildFile; fileRef = 84DA235124823B5A00B33587 /* ZMSportsViewController.swift */; };
		84DA235424823B5A00B33587 /* ZMSportsViewController.xib in Resources */ = {isa = PBXBuildFile; fileRef = 84DA235224823B5A00B33587 /* ZMSportsViewController.xib */; };
		84DA235724823C3A00B33587 /* ZMSprotGameListCollectionViewCell.swift in Sources */ = {isa = PBXBuildFile; fileRef = 84DA235524823C3A00B33587 /* ZMSprotGameListCollectionViewCell.swift */; };
		84DA235824823C3A00B33587 /* ZMSprotGameListCollectionViewCell.xib in Resources */ = {isa = PBXBuildFile; fileRef = 84DA235624823C3A00B33587 /* ZMSprotGameListCollectionViewCell.xib */; };
		84DA235A2482407100B33587 /* UICollectionViewExtension.swift in Sources */ = {isa = PBXBuildFile; fileRef = 84DA23592482407100B33587 /* UICollectionViewExtension.swift */; };
		84DA235C248244D800B33587 /* ZMScreenUtils.swift in Sources */ = {isa = PBXBuildFile; fileRef = 84DA235B248244D700B33587 /* ZMScreenUtils.swift */; };
		84DA235E248254AD00B33587 /* ZMBaseData.swift in Sources */ = {isa = PBXBuildFile; fileRef = 84DA235D248254AD00B33587 /* ZMBaseData.swift */; };
		84DA23622482582D00B33587 /* ZMHomeSportData.swift in Sources */ = {isa = PBXBuildFile; fileRef = 84DA23612482582D00B33587 /* ZMHomeSportData.swift */; };
		84DA23642482667400B33587 /* ZMAPI.swift in Sources */ = {isa = PBXBuildFile; fileRef = 84DA23632482667400B33587 /* ZMAPI.swift */; };
		84DA23662482701D00B33587 /* RequestRouter.swift in Sources */ = {isa = PBXBuildFile; fileRef = 84DA23652482701D00B33587 /* RequestRouter.swift */; };
		84DA23682482B0A700B33587 /* ZMAPI+Home.swift in Sources */ = {isa = PBXBuildFile; fileRef = 84DA23672482B0A600B33587 /* ZMAPI+Home.swift */; };
		84DA236A2482B91300B33587 /* HomeViewModel.swift in Sources */ = {isa = PBXBuildFile; fileRef = 84DA23692482B91300B33587 /* HomeViewModel.swift */; };
		CA8D51A7F8FF4BEBA4DA1874 /* Pods_WKDJ.framework in Frameworks */ = {isa = PBXBuildFile; fileRef = 770C9F3AB358C43C3A3E92E2 /* Pods_WKDJ.framework */; };
/* End PBXBuildFile section */

/* Begin PBXContainerItemProxy section */
		84053A852481E94200A698AA /* PBXContainerItemProxy */ = {
			isa = PBXContainerItemProxy;
			containerPortal = 84053A662481E93D00A698AA /* Project object */;
			proxyType = 1;
			remoteGlobalIDString = 84053A6D2481E93D00A698AA;
			remoteInfo = WKDJ;
		};
		84053A902481E94200A698AA /* PBXContainerItemProxy */ = {
			isa = PBXContainerItemProxy;
			containerPortal = 84053A662481E93D00A698AA /* Project object */;
			proxyType = 1;
			remoteGlobalIDString = 84053A6D2481E93D00A698AA;
			remoteInfo = WKDJ;
		};
/* End PBXContainerItemProxy section */

/* Begin PBXFileReference section */
		29D0C194B13A108832A69E92 /* Pods-WKDJ.debug.xcconfig */ = {isa = PBXFileReference; includeInIndex = 1; lastKnownFileType = text.xcconfig; name = "Pods-WKDJ.debug.xcconfig"; path = "Target Support Files/Pods-WKDJ/Pods-WKDJ.debug.xcconfig"; sourceTree = "<group>"; };
		5BA5360ED1D3A3C119A28541 /* Pods-WKDJ.release.xcconfig */ = {isa = PBXFileReference; includeInIndex = 1; lastKnownFileType = text.xcconfig; name = "Pods-WKDJ.release.xcconfig"; path = "Target Support Files/Pods-WKDJ/Pods-WKDJ.release.xcconfig"; sourceTree = "<group>"; };
		770C9F3AB358C43C3A3E92E2 /* Pods_WKDJ.framework */ = {isa = PBXFileReference; explicitFileType = wrapper.framework; includeInIndex = 0; path = Pods_WKDJ.framework; sourceTree = BUILT_PRODUCTS_DIR; };
		84053A6E2481E93D00A698AA /* 竞技帮.app */ = {isa = PBXFileReference; explicitFileType = wrapper.application; includeInIndex = 0; path = "竞技帮.app"; sourceTree = BUILT_PRODUCTS_DIR; };
		84053A712481E93D00A698AA /* AppDelegate.swift */ = {isa = PBXFileReference; lastKnownFileType = sourcecode.swift; path = AppDelegate.swift; sourceTree = "<group>"; };
		84053A752481E93D00A698AA /* ViewController.swift */ = {isa = PBXFileReference; lastKnownFileType = sourcecode.swift; path = ViewController.swift; sourceTree = "<group>"; };
		84053A782481E93D00A698AA /* Base */ = {isa = PBXFileReference; lastKnownFileType = file.storyboard; name = Base; path = Base.lproj/Main.storyboard; sourceTree = "<group>"; };
		84053A7A2481E94200A698AA /* Assets.xcassets */ = {isa = PBXFileReference; lastKnownFileType = folder.assetcatalog; path = Assets.xcassets; sourceTree = "<group>"; };
		84053A7D2481E94200A698AA /* Base */ = {isa = PBXFileReference; lastKnownFileType = file.storyboard; name = Base; path = Base.lproj/LaunchScreen.storyboard; sourceTree = "<group>"; };
		84053A7F2481E94200A698AA /* Info.plist */ = {isa = PBXFileReference; lastKnownFileType = text.plist.xml; path = Info.plist; sourceTree = "<group>"; };
		84053A842481E94200A698AA /* WKDJTests.xctest */ = {isa = PBXFileReference; explicitFileType = wrapper.cfbundle; includeInIndex = 0; path = WKDJTests.xctest; sourceTree = BUILT_PRODUCTS_DIR; };
		84053A882481E94200A698AA /* WKDJTests.swift */ = {isa = PBXFileReference; lastKnownFileType = sourcecode.swift; path = WKDJTests.swift; sourceTree = "<group>"; };
		84053A8A2481E94200A698AA /* Info.plist */ = {isa = PBXFileReference; lastKnownFileType = text.plist.xml; path = Info.plist; sourceTree = "<group>"; };
		84053A8F2481E94200A698AA /* WKDJUITests.xctest */ = {isa = PBXFileReference; explicitFileType = wrapper.cfbundle; includeInIndex = 0; path = WKDJUITests.xctest; sourceTree = BUILT_PRODUCTS_DIR; };
		84053A932481E94200A698AA /* WKDJUITests.swift */ = {isa = PBXFileReference; lastKnownFileType = sourcecode.swift; path = WKDJUITests.swift; sourceTree = "<group>"; };
		84053A952481E94200A698AA /* Info.plist */ = {isa = PBXFileReference; lastKnownFileType = text.plist.xml; path = Info.plist; sourceTree = "<group>"; };
		84053AA72481ECEE00A698AA /* ZMNavigationViewController.swift */ = {isa = PBXFileReference; lastKnownFileType = sourcecode.swift; path = ZMNavigationViewController.swift; sourceTree = "<group>"; };
		84363C9624835FB200CFA6C7 /* WKDJ-Bridging-Header.h */ = {isa = PBXFileReference; lastKnownFileType = sourcecode.c.h; path = "WKDJ-Bridging-Header.h"; sourceTree = "<group>"; };
		84363C9A248360D200CFA6C7 /* UIImageView+DefaultSetting.h */ = {isa = PBXFileReference; lastKnownFileType = sourcecode.c.h; path = "UIImageView+DefaultSetting.h"; sourceTree = "<group>"; };
		84363C9B248360D200CFA6C7 /* UIImageView+DefaultSetting.m */ = {isa = PBXFileReference; lastKnownFileType = sourcecode.c.objc; path = "UIImageView+DefaultSetting.m"; sourceTree = "<group>"; };
		84363C9D2483B83D00CFA6C7 /* ZMGameListCollectionViewController.swift */ = {isa = PBXFileReference; lastKnownFileType = sourcecode.swift; path = ZMGameListCollectionViewController.swift; sourceTree = "<group>"; };
		84363C9E2483B83D00CFA6C7 /* ZMGameListCollectionViewController.xib */ = {isa = PBXFileReference; lastKnownFileType = file.xib; path = ZMGameListCollectionViewController.xib; sourceTree = "<group>"; };
		84363CA12483B89600CFA6C7 /* ZMGameListCollectionViewCell.swift */ = {isa = PBXFileReference; lastKnownFileType = sourcecode.swift; path = ZMGameListCollectionViewCell.swift; sourceTree = "<group>"; };
		84363CA22483B89600CFA6C7 /* ZMGameListCollectionViewCell.xib */ = {isa = PBXFileReference; lastKnownFileType = file.xib; path = ZMGameListCollectionViewCell.xib; sourceTree = "<group>"; };
		84363CA52483F0C900CFA6C7 /* ZMGameListInfo.swift */ = {isa = PBXFileReference; lastKnownFileType = sourcecode.swift; path = ZMGameListInfo.swift; sourceTree = "<group>"; };
		84DA234D2482354E00B33587 /* ZMHomeViewController.swift */ = {isa = PBXFileReference; lastKnownFileType = sourcecode.swift; path = ZMHomeViewController.swift; sourceTree = "<group>"; };
		84DA234E2482354E00B33587 /* ZMHomeViewController.xib */ = {isa = PBXFileReference; lastKnownFileType = file.xib; path = ZMHomeViewController.xib; sourceTree = "<group>"; };
		84DA235124823B5A00B33587 /* ZMSportsViewController.swift */ = {isa = PBXFileReference; lastKnownFileType = sourcecode.swift; path = ZMSportsViewController.swift; sourceTree = "<group>"; };
		84DA235224823B5A00B33587 /* ZMSportsViewController.xib */ = {isa = PBXFileReference; lastKnownFileType = file.xib; path = ZMSportsViewController.xib; sourceTree = "<group>"; };
		84DA235524823C3A00B33587 /* ZMSprotGameListCollectionViewCell.swift */ = {isa = PBXFileReference; lastKnownFileType = sourcecode.swift; path = ZMSprotGameListCollectionViewCell.swift; sourceTree = "<group>"; };
		84DA235624823C3A00B33587 /* ZMSprotGameListCollectionViewCell.xib */ = {isa = PBXFileReference; lastKnownFileType = file.xib; path = ZMSprotGameListCollectionViewCell.xib; sourceTree = "<group>"; };
		84DA23592482407100B33587 /* UICollectionViewExtension.swift */ = {isa = PBXFileReference; lastKnownFileType = sourcecode.swift; path = UICollectionViewExtension.swift; sourceTree = "<group>"; };
		84DA235B248244D700B33587 /* ZMScreenUtils.swift */ = {isa = PBXFileReference; lastKnownFileType = sourcecode.swift; path = ZMScreenUtils.swift; sourceTree = "<group>"; };
		84DA235D248254AD00B33587 /* ZMBaseData.swift */ = {isa = PBXFileReference; lastKnownFileType = sourcecode.swift; path = ZMBaseData.swift; sourceTree = "<group>"; };
		84DA23612482582D00B33587 /* ZMHomeSportData.swift */ = {isa = PBXFileReference; lastKnownFileType = sourcecode.swift; path = ZMHomeSportData.swift; sourceTree = "<group>"; };
		84DA23632482667400B33587 /* ZMAPI.swift */ = {isa = PBXFileReference; lastKnownFileType = sourcecode.swift; path = ZMAPI.swift; sourceTree = "<group>"; };
		84DA23652482701D00B33587 /* RequestRouter.swift */ = {isa = PBXFileReference; lastKnownFileType = sourcecode.swift; path = RequestRouter.swift; sourceTree = "<group>"; };
		84DA23672482B0A600B33587 /* ZMAPI+Home.swift */ = {isa = PBXFileReference; lastKnownFileType = sourcecode.swift; path = "ZMAPI+Home.swift"; sourceTree = "<group>"; };
		84DA23692482B91300B33587 /* HomeViewModel.swift */ = {isa = PBXFileReference; lastKnownFileType = sourcecode.swift; path = HomeViewModel.swift; sourceTree = "<group>"; };
/* End PBXFileReference section */

/* Begin PBXFrameworksBuildPhase section */
		84053A6B2481E93D00A698AA /* Frameworks */ = {
			isa = PBXFrameworksBuildPhase;
			buildActionMask = 2147483647;
			files = (
				CA8D51A7F8FF4BEBA4DA1874 /* Pods_WKDJ.framework in Frameworks */,
			);
			runOnlyForDeploymentPostprocessing = 0;
		};
		84053A812481E94200A698AA /* Frameworks */ = {
			isa = PBXFrameworksBuildPhase;
			buildActionMask = 2147483647;
			files = (
			);
			runOnlyForDeploymentPostprocessing = 0;
		};
		84053A8C2481E94200A698AA /* Frameworks */ = {
			isa = PBXFrameworksBuildPhase;
			buildActionMask = 2147483647;
			files = (
			);
			runOnlyForDeploymentPostprocessing = 0;
		};
/* End PBXFrameworksBuildPhase section */

/* Begin PBXGroup section */
		5920D4BE3849BB880A22AFB1 /* Pods */ = {
			isa = PBXGroup;
			children = (
				29D0C194B13A108832A69E92 /* Pods-WKDJ.debug.xcconfig */,
				5BA5360ED1D3A3C119A28541 /* Pods-WKDJ.release.xcconfig */,
			);
			path = Pods;
			sourceTree = "<group>";
		};
		84053A652481E93D00A698AA = {
			isa = PBXGroup;
			children = (
				84053A702481E93D00A698AA /* WKDJ */,
				84053A872481E94200A698AA /* WKDJTests */,
				84053A922481E94200A698AA /* WKDJUITests */,
				84053A6F2481E93D00A698AA /* Products */,
				5920D4BE3849BB880A22AFB1 /* Pods */,
				F23A7B1720F04224C7BB6A4A /* Frameworks */,
			);
			sourceTree = "<group>";
		};
		84053A6F2481E93D00A698AA /* Products */ = {
			isa = PBXGroup;
			children = (
				84053A6E2481E93D00A698AA /* 竞技帮.app */,
				84053A842481E94200A698AA /* WKDJTests.xctest */,
				84053A8F2481E94200A698AA /* WKDJUITests.xctest */,
			);
			name = Products;
			sourceTree = "<group>";
		};
		84053A702481E93D00A698AA /* WKDJ */ = {
			isa = PBXGroup;
			children = (
				84053AA62481ECD400A698AA /* Extension */,
				84053AA12481ECB400A698AA /* Home */,
				84053A712481E93D00A698AA /* AppDelegate.swift */,
				84053A752481E93D00A698AA /* ViewController.swift */,
				84053A772481E93D00A698AA /* Main.storyboard */,
				84053A7A2481E94200A698AA /* Assets.xcassets */,
				84053A7C2481E94200A698AA /* LaunchScreen.storyboard */,
				84053A7F2481E94200A698AA /* Info.plist */,
			);
			path = WKDJ;
			sourceTree = "<group>";
		};
		84053A872481E94200A698AA /* WKDJTests */ = {
			isa = PBXGroup;
			children = (
				84053A882481E94200A698AA /* WKDJTests.swift */,
				84053A8A2481E94200A698AA /* Info.plist */,
			);
			path = WKDJTests;
			sourceTree = "<group>";
		};
		84053A922481E94200A698AA /* WKDJUITests */ = {
			isa = PBXGroup;
			children = (
				84053A932481E94200A698AA /* WKDJUITests.swift */,
				84053A952481E94200A698AA /* Info.plist */,
			);
			path = WKDJUITests;
			sourceTree = "<group>";
		};
		84053AA12481ECB400A698AA /* Home */ = {
			isa = PBXGroup;
			children = (
				84053AA22481ECB500A698AA /* ViewModel */,
				84053AA32481ECB500A698AA /* ViewCotroller */,
				84053AA42481ECB500A698AA /* Model */,
				84053AA52481ECB500A698AA /* View */,
			);
			path = Home;
			sourceTree = "<group>";
		};
		84053AA22481ECB500A698AA /* ViewModel */ = {
			isa = PBXGroup;
			children = (
				84DA235D248254AD00B33587 /* ZMBaseData.swift */,
				84DA23612482582D00B33587 /* ZMHomeSportData.swift */,
				84DA23632482667400B33587 /* ZMAPI.swift */,
				84DA23672482B0A600B33587 /* ZMAPI+Home.swift */,
				84DA23652482701D00B33587 /* RequestRouter.swift */,
				84DA23692482B91300B33587 /* HomeViewModel.swift */,
			);
			path = ViewModel;
			sourceTree = "<group>";
		};
		84053AA32481ECB500A698AA /* ViewCotroller */ = {
			isa = PBXGroup;
			children = (
				84DA234D2482354E00B33587 /* ZMHomeViewController.swift */,
				84DA234E2482354E00B33587 /* ZMHomeViewController.xib */,
				84DA235124823B5A00B33587 /* ZMSportsViewController.swift */,
				84DA235224823B5A00B33587 /* ZMSportsViewController.xib */,
				84363C9D2483B83D00CFA6C7 /* ZMGameListCollectionViewController.swift */,
				84363C9E2483B83D00CFA6C7 /* ZMGameListCollectionViewController.xib */,
			);
			path = ViewCotroller;
			sourceTree = "<group>";
		};
		84053AA42481ECB500A698AA /* Model */ = {
			isa = PBXGroup;
			children = (
				84DA235524823C3A00B33587 /* ZMSprotGameListCollectionViewCell.swift */,
				84DA235624823C3A00B33587 /* ZMSprotGameListCollectionViewCell.xib */,
				84363CA12483B89600CFA6C7 /* ZMGameListCollectionViewCell.swift */,
				84363CA22483B89600CFA6C7 /* ZMGameListCollectionViewCell.xib */,
				84363CA52483F0C900CFA6C7 /* ZMGameListInfo.swift */,
			);
			path = Model;
			sourceTree = "<group>";
		};
		84053AA52481ECB500A698AA /* View */ = {
			isa = PBXGroup;
			children = (
			);
			path = View;
			sourceTree = "<group>";
		};
		84053AA62481ECD400A698AA /* Extension */ = {
			isa = PBXGroup;
			children = (
				84053AA72481ECEE00A698AA /* ZMNavigationViewController.swift */,
				84DA23592482407100B33587 /* UICollectionViewExtension.swift */,
				84DA235B248244D700B33587 /* ZMScreenUtils.swift */,
				84363C9624835FB200CFA6C7 /* WKDJ-Bridging-Header.h */,
				84363C9A248360D200CFA6C7 /* UIImageView+DefaultSetting.h */,
				84363C9B248360D200CFA6C7 /* UIImageView+DefaultSetting.m */,
			);
			path = Extension;
			sourceTree = "<group>";
		};
		F23A7B1720F04224C7BB6A4A /* Frameworks */ = {
			isa = PBXGroup;
			children = (
				770C9F3AB358C43C3A3E92E2 /* Pods_WKDJ.framework */,
			);
			name = Frameworks;
			sourceTree = "<group>";
		};
/* End PBXGroup section */

/* Begin PBXNativeTarget section */
		84053A6D2481E93D00A698AA /* WKDJ */ = {
			isa = PBXNativeTarget;
			buildConfigurationList = 84053A982481E94200A698AA /* Build configuration list for PBXNativeTarget "WKDJ" */;
			buildPhases = (
				54F8F326E29DFEFB4D67C61F /* [CP] Check Pods Manifest.lock */,
				84053A6A2481E93D00A698AA /* Sources */,
				84053A6B2481E93D00A698AA /* Frameworks */,
				84053A6C2481E93D00A698AA /* Resources */,
				65F97E19F9BE481FD5155F2F /* [CP] Embed Pods Frameworks */,
			);
			buildRules = (
			);
			dependencies = (
			);
			name = WKDJ;
			productName = WKDJ;
			productReference = 84053A6E2481E93D00A698AA /* 竞技帮.app */;
			productType = "com.apple.product-type.application";
		};
		84053A832481E94200A698AA /* WKDJTests */ = {
			isa = PBXNativeTarget;
			buildConfigurationList = 84053A9B2481E94200A698AA /* Build configuration list for PBXNativeTarget "WKDJTests" */;
			buildPhases = (
				84053A802481E94200A698AA /* Sources */,
				84053A812481E94200A698AA /* Frameworks */,
				84053A822481E94200A698AA /* Resources */,
			);
			buildRules = (
			);
			dependencies = (
				84053A862481E94200A698AA /* PBXTargetDependency */,
			);
			name = WKDJTests;
			productName = WKDJTests;
			productReference = 84053A842481E94200A698AA /* WKDJTests.xctest */;
			productType = "com.apple.product-type.bundle.unit-test";
		};
		84053A8E2481E94200A698AA /* WKDJUITests */ = {
			isa = PBXNativeTarget;
			buildConfigurationList = 84053A9E2481E94200A698AA /* Build configuration list for PBXNativeTarget "WKDJUITests" */;
			buildPhases = (
				84053A8B2481E94200A698AA /* Sources */,
				84053A8C2481E94200A698AA /* Frameworks */,
				84053A8D2481E94200A698AA /* Resources */,
			);
			buildRules = (
			);
			dependencies = (
				84053A912481E94200A698AA /* PBXTargetDependency */,
			);
			name = WKDJUITests;
			productName = WKDJUITests;
			productReference = 84053A8F2481E94200A698AA /* WKDJUITests.xctest */;
			productType = "com.apple.product-type.bundle.ui-testing";
		};
/* End PBXNativeTarget section */

/* Begin PBXProject section */
		84053A662481E93D00A698AA /* Project object */ = {
			isa = PBXProject;
			attributes = {
				LastSwiftUpdateCheck = 1140;
				LastUpgradeCheck = 1140;
				ORGANIZATIONNAME = "Min zhang";
				TargetAttributes = {
					84053A6D2481E93D00A698AA = {
						CreatedOnToolsVersion = 11.4;
						LastSwiftMigration = 1140;
					};
					84053A832481E94200A698AA = {
						CreatedOnToolsVersion = 11.4;
						TestTargetID = 84053A6D2481E93D00A698AA;
					};
					84053A8E2481E94200A698AA = {
						CreatedOnToolsVersion = 11.4;
						TestTargetID = 84053A6D2481E93D00A698AA;
					};
				};
			};
			buildConfigurationList = 84053A692481E93D00A698AA /* Build configuration list for PBXProject "WKDJ" */;
			compatibilityVersion = "Xcode 9.3";
			developmentRegion = en;
			hasScannedForEncodings = 0;
			knownRegions = (
				en,
				Base,
			);
			mainGroup = 84053A652481E93D00A698AA;
			productRefGroup = 84053A6F2481E93D00A698AA /* Products */;
			projectDirPath = "";
			projectRoot = "";
			targets = (
				84053A6D2481E93D00A698AA /* WKDJ */,
				84053A832481E94200A698AA /* WKDJTests */,
				84053A8E2481E94200A698AA /* WKDJUITests */,
			);
		};
/* End PBXProject section */

/* Begin PBXResourcesBuildPhase section */
		84053A6C2481E93D00A698AA /* Resources */ = {
			isa = PBXResourcesBuildPhase;
			buildActionMask = 2147483647;
			files = (
				84DA23502482354E00B33587 /* ZMHomeViewController.xib in Resources */,
				84053A7E2481E94200A698AA /* LaunchScreen.storyboard in Resources */,
				84363CA42483B89600CFA6C7 /* ZMGameListCollectionViewCell.xib in Resources */,
				84DA235424823B5A00B33587 /* ZMSportsViewController.xib in Resources */,
				84053A7B2481E94200A698AA /* Assets.xcassets in Resources */,
				84DA235824823C3A00B33587 /* ZMSprotGameListCollectionViewCell.xib in Resources */,
				84053A792481E93D00A698AA /* Main.storyboard in Resources */,
				84363CA02483B83E00CFA6C7 /* ZMGameListCollectionViewController.xib in Resources */,
			);
			runOnlyForDeploymentPostprocessing = 0;
		};
		84053A822481E94200A698AA /* Resources */ = {
			isa = PBXResourcesBuildPhase;
			buildActionMask = 2147483647;
			files = (
			);
			runOnlyForDeploymentPostprocessing = 0;
		};
		84053A8D2481E94200A698AA /* Resources */ = {
			isa = PBXResourcesBuildPhase;
			buildActionMask = 2147483647;
			files = (
			);
			runOnlyForDeploymentPostprocessing = 0;
		};
/* End PBXResourcesBuildPhase section */

/* Begin PBXShellScriptBuildPhase section */
		54F8F326E29DFEFB4D67C61F /* [CP] Check Pods Manifest.lock */ = {
			isa = PBXShellScriptBuildPhase;
			buildActionMask = 2147483647;
			files = (
			);
			inputFileListPaths = (
			);
			inputPaths = (
				"${PODS_PODFILE_DIR_PATH}/Podfile.lock",
				"${PODS_ROOT}/Manifest.lock",
			);
			name = "[CP] Check Pods Manifest.lock";
			outputFileListPaths = (
			);
			outputPaths = (
				"$(DERIVED_FILE_DIR)/Pods-WKDJ-checkManifestLockResult.txt",
			);
			runOnlyForDeploymentPostprocessing = 0;
			shellPath = /bin/sh;
			shellScript = "diff \"${PODS_PODFILE_DIR_PATH}/Podfile.lock\" \"${PODS_ROOT}/Manifest.lock\" > /dev/null\nif [ $? != 0 ] ; then\n    # print error to STDERR\n    echo \"error: The sandbox is not in sync with the Podfile.lock. Run 'pod install' or update your CocoaPods installation.\" >&2\n    exit 1\nfi\n# This output is used by Xcode 'outputs' to avoid re-running this script phase.\necho \"SUCCESS\" > \"${SCRIPT_OUTPUT_FILE_0}\"\n";
			showEnvVarsInLog = 0;
		};
		65F97E19F9BE481FD5155F2F /* [CP] Embed Pods Frameworks */ = {
			isa = PBXShellScriptBuildPhase;
			buildActionMask = 2147483647;
			files = (
			);
			inputFileListPaths = (
				"${PODS_ROOT}/Target Support Files/Pods-WKDJ/Pods-WKDJ-frameworks-${CONFIGURATION}-input-files.xcfilelist",
			);
			name = "[CP] Embed Pods Frameworks";
			outputFileListPaths = (
				"${PODS_ROOT}/Target Support Files/Pods-WKDJ/Pods-WKDJ-frameworks-${CONFIGURATION}-output-files.xcfilelist",
			);
			runOnlyForDeploymentPostprocessing = 0;
			shellPath = /bin/sh;
			shellScript = "\"${PODS_ROOT}/Target Support Files/Pods-WKDJ/Pods-WKDJ-frameworks.sh\"\n";
			showEnvVarsInLog = 0;
		};
/* End PBXShellScriptBuildPhase section */

/* Begin PBXSourcesBuildPhase section */
		84053A6A2481E93D00A698AA /* Sources */ = {
			isa = PBXSourcesBuildPhase;
			buildActionMask = 2147483647;
			files = (
				84DA234F2482354E00B33587 /* ZMHomeViewController.swift in Sources */,
				84053AA82481ECEE00A698AA /* ZMNavigationViewController.swift in Sources */,
				84DA23682482B0A700B33587 /* ZMAPI+Home.swift in Sources */,
				84DA235A2482407100B33587 /* UICollectionViewExtension.swift in Sources */,
				84DA235324823B5A00B33587 /* ZMSportsViewController.swift in Sources */,
				84DA23642482667400B33587 /* ZMAPI.swift in Sources */,
				84053A762481E93D00A698AA /* ViewController.swift in Sources */,
				84DA235724823C3A00B33587 /* ZMSprotGameListCollectionViewCell.swift in Sources */,
				84363C9C248360D200CFA6C7 /* UIImageView+DefaultSetting.m in Sources */,
				84DA23622482582D00B33587 /* ZMHomeSportData.swift in Sources */,
				84DA236A2482B91300B33587 /* HomeViewModel.swift in Sources */,
				84363C9F2483B83E00CFA6C7 /* ZMGameListCollectionViewController.swift in Sources */,
				84DA23662482701D00B33587 /* RequestRouter.swift in Sources */,
				84DA235C248244D800B33587 /* ZMScreenUtils.swift in Sources */,
				84DA235E248254AD00B33587 /* ZMBaseData.swift in Sources */,
				84053A722481E93D00A698AA /* AppDelegate.swift in Sources */,
				84363CA62483F0C900CFA6C7 /* ZMGameListInfo.swift in Sources */,
				84363CA32483B89600CFA6C7 /* ZMGameListCollectionViewCell.swift in Sources */,
			);
			runOnlyForDeploymentPostprocessing = 0;
		};
		84053A802481E94200A698AA /* Sources */ = {
			isa = PBXSourcesBuildPhase;
			buildActionMask = 2147483647;
			files = (
				84053A892481E94200A698AA /* WKDJTests.swift in Sources */,
			);
			runOnlyForDeploymentPostprocessing = 0;
		};
		84053A8B2481E94200A698AA /* Sources */ = {
			isa = PBXSourcesBuildPhase;
			buildActionMask = 2147483647;
			files = (
				84053A942481E94200A698AA /* WKDJUITests.swift in Sources */,
			);
			runOnlyForDeploymentPostprocessing = 0;
		};
/* End PBXSourcesBuildPhase section */

/* Begin PBXTargetDependency section */
		84053A862481E94200A698AA /* PBXTargetDependency */ = {
			isa = PBXTargetDependency;
			target = 84053A6D2481E93D00A698AA /* WKDJ */;
			targetProxy = 84053A852481E94200A698AA /* PBXContainerItemProxy */;
		};
		84053A912481E94200A698AA /* PBXTargetDependency */ = {
			isa = PBXTargetDependency;
			target = 84053A6D2481E93D00A698AA /* WKDJ */;
			targetProxy = 84053A902481E94200A698AA /* PBXContainerItemProxy */;
		};
/* End PBXTargetDependency section */

/* Begin PBXVariantGroup section */
		84053A772481E93D00A698AA /* Main.storyboard */ = {
			isa = PBXVariantGroup;
			children = (
				84053A782481E93D00A698AA /* Base */,
			);
			name = Main.storyboard;
			sourceTree = "<group>";
		};
		84053A7C2481E94200A698AA /* LaunchScreen.storyboard */ = {
			isa = PBXVariantGroup;
			children = (
				84053A7D2481E94200A698AA /* Base */,
			);
			name = LaunchScreen.storyboard;
			sourceTree = "<group>";
		};
/* End PBXVariantGroup section */

/* Begin XCBuildConfiguration section */
		84053A962481E94200A698AA /* Debug */ = {
			isa = XCBuildConfiguration;
			buildSettings = {
				ALWAYS_SEARCH_USER_PATHS = NO;
				CLANG_ANALYZER_NONNULL = YES;
				CLANG_ANALYZER_NUMBER_OBJECT_CONVERSION = YES_AGGRESSIVE;
				CLANG_CXX_LANGUAGE_STANDARD = "gnu++14";
				CLANG_CXX_LIBRARY = "libc++";
				CLANG_ENABLE_MODULES = YES;
				CLANG_ENABLE_OBJC_ARC = YES;
				CLANG_ENABLE_OBJC_WEAK = YES;
				CLANG_WARN_BLOCK_CAPTURE_AUTORELEASING = YES;
				CLANG_WARN_BOOL_CONVERSION = YES;
				CLANG_WARN_COMMA = YES;
				CLANG_WARN_CONSTANT_CONVERSION = YES;
				CLANG_WARN_DEPRECATED_OBJC_IMPLEMENTATIONS = YES;
				CLANG_WARN_DIRECT_OBJC_ISA_USAGE = YES_ERROR;
				CLANG_WARN_DOCUMENTATION_COMMENTS = YES;
				CLANG_WARN_EMPTY_BODY = YES;
				CLANG_WARN_ENUM_CONVERSION = YES;
				CLANG_WARN_INFINITE_RECURSION = YES;
				CLANG_WARN_INT_CONVERSION = YES;
				CLANG_WARN_NON_LITERAL_NULL_CONVERSION = YES;
				CLANG_WARN_OBJC_IMPLICIT_RETAIN_SELF = YES;
				CLANG_WARN_OBJC_LITERAL_CONVERSION = YES;
				CLANG_WARN_OBJC_ROOT_CLASS = YES_ERROR;
				CLANG_WARN_RANGE_LOOP_ANALYSIS = YES;
				CLANG_WARN_STRICT_PROTOTYPES = YES;
				CLANG_WARN_SUSPICIOUS_MOVE = YES;
				CLANG_WARN_UNGUARDED_AVAILABILITY = YES_AGGRESSIVE;
				CLANG_WARN_UNREACHABLE_CODE = YES;
				CLANG_WARN__DUPLICATE_METHOD_MATCH = YES;
				COPY_PHASE_STRIP = NO;
				DEBUG_INFORMATION_FORMAT = dwarf;
				ENABLE_STRICT_OBJC_MSGSEND = YES;
				ENABLE_TESTABILITY = YES;
				GCC_C_LANGUAGE_STANDARD = gnu11;
				GCC_DYNAMIC_NO_PIC = NO;
				GCC_NO_COMMON_BLOCKS = YES;
				GCC_OPTIMIZATION_LEVEL = 0;
				GCC_PREPROCESSOR_DEFINITIONS = (
					"DEBUG=1",
					"$(inherited)",
				);
				GCC_WARN_64_TO_32_BIT_CONVERSION = YES;
				GCC_WARN_ABOUT_RETURN_TYPE = YES_ERROR;
				GCC_WARN_UNDECLARED_SELECTOR = YES;
				GCC_WARN_UNINITIALIZED_AUTOS = YES_AGGRESSIVE;
				GCC_WARN_UNUSED_FUNCTION = YES;
				GCC_WARN_UNUSED_VARIABLE = YES;
				IPHONEOS_DEPLOYMENT_TARGET = 13.4;
				MTL_ENABLE_DEBUG_INFO = INCLUDE_SOURCE;
				MTL_FAST_MATH = YES;
				ONLY_ACTIVE_ARCH = YES;
				SDKROOT = iphoneos;
				SWIFT_ACTIVE_COMPILATION_CONDITIONS = DEBUG;
				SWIFT_OPTIMIZATION_LEVEL = "-Onone";
			};
			name = Debug;
		};
		84053A972481E94200A698AA /* Release */ = {
			isa = XCBuildConfiguration;
			buildSettings = {
				ALWAYS_SEARCH_USER_PATHS = NO;
				CLANG_ANALYZER_NONNULL = YES;
				CLANG_ANALYZER_NUMBER_OBJECT_CONVERSION = YES_AGGRESSIVE;
				CLANG_CXX_LANGUAGE_STANDARD = "gnu++14";
				CLANG_CXX_LIBRARY = "libc++";
				CLANG_ENABLE_MODULES = YES;
				CLANG_ENABLE_OBJC_ARC = YES;
				CLANG_ENABLE_OBJC_WEAK = YES;
				CLANG_WARN_BLOCK_CAPTURE_AUTORELEASING = YES;
				CLANG_WARN_BOOL_CONVERSION = YES;
				CLANG_WARN_COMMA = YES;
				CLANG_WARN_CONSTANT_CONVERSION = YES;
				CLANG_WARN_DEPRECATED_OBJC_IMPLEMENTATIONS = YES;
				CLANG_WARN_DIRECT_OBJC_ISA_USAGE = YES_ERROR;
				CLANG_WARN_DOCUMENTATION_COMMENTS = YES;
				CLANG_WARN_EMPTY_BODY = YES;
				CLANG_WARN_ENUM_CONVERSION = YES;
				CLANG_WARN_INFINITE_RECURSION = YES;
				CLANG_WARN_INT_CONVERSION = YES;
				CLANG_WARN_NON_LITERAL_NULL_CONVERSION = YES;
				CLANG_WARN_OBJC_IMPLICIT_RETAIN_SELF = YES;
				CLANG_WARN_OBJC_LITERAL_CONVERSION = YES;
				CLANG_WARN_OBJC_ROOT_CLASS = YES_ERROR;
				CLANG_WARN_RANGE_LOOP_ANALYSIS = YES;
				CLANG_WARN_STRICT_PROTOTYPES = YES;
				CLANG_WARN_SUSPICIOUS_MOVE = YES;
				CLANG_WARN_UNGUARDED_AVAILABILITY = YES_AGGRESSIVE;
				CLANG_WARN_UNREACHABLE_CODE = YES;
				CLANG_WARN__DUPLICATE_METHOD_MATCH = YES;
				COPY_PHASE_STRIP = NO;
				DEBUG_INFORMATION_FORMAT = "dwarf-with-dsym";
				ENABLE_NS_ASSERTIONS = NO;
				ENABLE_STRICT_OBJC_MSGSEND = YES;
				GCC_C_LANGUAGE_STANDARD = gnu11;
				GCC_NO_COMMON_BLOCKS = YES;
				GCC_WARN_64_TO_32_BIT_CONVERSION = YES;
				GCC_WARN_ABOUT_RETURN_TYPE = YES_ERROR;
				GCC_WARN_UNDECLARED_SELECTOR = YES;
				GCC_WARN_UNINITIALIZED_AUTOS = YES_AGGRESSIVE;
				GCC_WARN_UNUSED_FUNCTION = YES;
				GCC_WARN_UNUSED_VARIABLE = YES;
				IPHONEOS_DEPLOYMENT_TARGET = 13.4;
				MTL_ENABLE_DEBUG_INFO = NO;
				MTL_FAST_MATH = YES;
				SDKROOT = iphoneos;
				SWIFT_COMPILATION_MODE = wholemodule;
				SWIFT_OPTIMIZATION_LEVEL = "-O";
				VALIDATE_PRODUCT = YES;
			};
			name = Release;
		};
		84053A992481E94200A698AA /* Debug */ = {
			isa = XCBuildConfiguration;
			baseConfigurationReference = 29D0C194B13A108832A69E92 /* Pods-WKDJ.debug.xcconfig */;
			buildSettings = {
				ASSETCATALOG_COMPILER_APPICON_NAME = AppIcon;
				CLANG_ENABLE_MODULES = YES;
				CODE_SIGN_STYLE = Automatic;
				DEVELOPMENT_TEAM = JW363H5865;
				INFOPLIST_FILE = WKDJ/Info.plist;
				LD_RUNPATH_SEARCH_PATHS = (
					"$(inherited)",
					"@executable_path/Frameworks",
				);
				PRODUCT_BUNDLE_IDENTIFIER = com.wkdj.com.WKDJ;
				PRODUCT_NAME = "竞技帮";
				SWIFT_OBJC_BRIDGING_HEADER = "WKDJ/Extension/WKDJ-Bridging-Header.h";
				SWIFT_OPTIMIZATION_LEVEL = "-Onone";
				SWIFT_VERSION = 5.0;
				TARGETED_DEVICE_FAMILY = "1,2";
			};
			name = Debug;
		};
		84053A9A2481E94200A698AA /* Release */ = {
			isa = XCBuildConfiguration;
			baseConfigurationReference = 5BA5360ED1D3A3C119A28541 /* Pods-WKDJ.release.xcconfig */;
			buildSettings = {
				ASSETCATALOG_COMPILER_APPICON_NAME = AppIcon;
				CLANG_ENABLE_MODULES = YES;
				CODE_SIGN_STYLE = Automatic;
				DEVELOPMENT_TEAM = JW363H5865;
				INFOPLIST_FILE = WKDJ/Info.plist;
				LD_RUNPATH_SEARCH_PATHS = (
					"$(inherited)",
					"@executable_path/Frameworks",
				);
				PRODUCT_BUNDLE_IDENTIFIER = com.wkdj.com.WKDJ;
				PRODUCT_NAME = "竞技帮";
				SWIFT_OBJC_BRIDGING_HEADER = "WKDJ/Extension/WKDJ-Bridging-Header.h";
				SWIFT_VERSION = 5.0;
				TARGETED_DEVICE_FAMILY = "1,2";
			};
			name = Release;
		};
		84053A9C2481E94200A698AA /* Debug */ = {
			isa = XCBuildConfiguration;
			buildSettings = {
				ALWAYS_EMBED_SWIFT_STANDARD_LIBRARIES = YES;
				BUNDLE_LOADER = "$(TEST_HOST)";
				CODE_SIGN_STYLE = Automatic;
				INFOPLIST_FILE = WKDJTests/Info.plist;
				IPHONEOS_DEPLOYMENT_TARGET = 13.4;
				LD_RUNPATH_SEARCH_PATHS = (
					"$(inherited)",
					"@executable_path/Frameworks",
					"@loader_path/Frameworks",
				);
				PRODUCT_BUNDLE_IDENTIFIER = com.wkdj.com.WKDJTests;
				PRODUCT_NAME = "$(TARGET_NAME)";
				SWIFT_VERSION = 5.0;
				TARGETED_DEVICE_FAMILY = "1,2";
				TEST_HOST = "$(BUILT_PRODUCTS_DIR)/WKDJ.app/WKDJ";
			};
			name = Debug;
		};
		84053A9D2481E94200A698AA /* Release */ = {
			isa = XCBuildConfiguration;
			buildSettings = {
				ALWAYS_EMBED_SWIFT_STANDARD_LIBRARIES = YES;
				BUNDLE_LOADER = "$(TEST_HOST)";
				CODE_SIGN_STYLE = Automatic;
				INFOPLIST_FILE = WKDJTests/Info.plist;
				IPHONEOS_DEPLOYMENT_TARGET = 13.4;
				LD_RUNPATH_SEARCH_PATHS = (
					"$(inherited)",
					"@executable_path/Frameworks",
					"@loader_path/Frameworks",
				);
				PRODUCT_BUNDLE_IDENTIFIER = com.wkdj.com.WKDJTests;
				PRODUCT_NAME = "$(TARGET_NAME)";
				SWIFT_VERSION = 5.0;
				TARGETED_DEVICE_FAMILY = "1,2";
				TEST_HOST = "$(BUILT_PRODUCTS_DIR)/WKDJ.app/WKDJ";
			};
			name = Release;
		};
		84053A9F2481E94200A698AA /* Debug */ = {
			isa = XCBuildConfiguration;
			buildSettings = {
				ALWAYS_EMBED_SWIFT_STANDARD_LIBRARIES = YES;
				CODE_SIGN_STYLE = Automatic;
				INFOPLIST_FILE = WKDJUITests/Info.plist;
				LD_RUNPATH_SEARCH_PATHS = (
					"$(inherited)",
					"@executable_path/Frameworks",
					"@loader_path/Frameworks",
				);
				PRODUCT_BUNDLE_IDENTIFIER = com.wkdj.com.WKDJUITests;
				PRODUCT_NAME = "$(TARGET_NAME)";
				SWIFT_VERSION = 5.0;
				TARGETED_DEVICE_FAMILY = "1,2";
				TEST_TARGET_NAME = WKDJ;
			};
			name = Debug;
		};
		84053AA02481E94200A698AA /* Release */ = {
			isa = XCBuildConfiguration;
			buildSettings = {
				ALWAYS_EMBED_SWIFT_STANDARD_LIBRARIES = YES;
				CODE_SIGN_STYLE = Automatic;
				INFOPLIST_FILE = WKDJUITests/Info.plist;
				LD_RUNPATH_SEARCH_PATHS = (
					"$(inherited)",
					"@executable_path/Frameworks",
					"@loader_path/Frameworks",
				);
				PRODUCT_BUNDLE_IDENTIFIER = com.wkdj.com.WKDJUITests;
				PRODUCT_NAME = "$(TARGET_NAME)";
				SWIFT_VERSION = 5.0;
				TARGETED_DEVICE_FAMILY = "1,2";
				TEST_TARGET_NAME = WKDJ;
			};
			name = Release;
		};
/* End XCBuildConfiguration section */

/* Begin XCConfigurationList section */
		84053A692481E93D00A698AA /* Build configuration list for PBXProject "WKDJ" */ = {
			isa = XCConfigurationList;
			buildConfigurations = (
				84053A962481E94200A698AA /* Debug */,
				84053A972481E94200A698AA /* Release */,
			);
			defaultConfigurationIsVisible = 0;
			defaultConfigurationName = Release;
		};
		84053A982481E94200A698AA /* Build configuration list for PBXNativeTarget "WKDJ" */ = {
			isa = XCConfigurationList;
			buildConfigurations = (
				84053A992481E94200A698AA /* Debug */,
				84053A9A2481E94200A698AA /* Release */,
			);
			defaultConfigurationIsVisible = 0;
			defaultConfigurationName = Release;
		};
		84053A9B2481E94200A698AA /* Build configuration list for PBXNativeTarget "WKDJTests" */ = {
			isa = XCConfigurationList;
			buildConfigurations = (
				84053A9C2481E94200A698AA /* Debug */,
				84053A9D2481E94200A698AA /* Release */,
			);
			defaultConfigurationIsVisible = 0;
			defaultConfigurationName = Release;
		};
		84053A9E2481E94200A698AA /* Build configuration list for PBXNativeTarget "WKDJUITests" */ = {
			isa = XCConfigurationList;
			buildConfigurations = (
				84053A9F2481E94200A698AA /* Debug */,
				84053AA02481E94200A698AA /* Release */,
			);
			defaultConfigurationIsVisible = 0;
			defaultConfigurationName = Release;
		};
/* End XCConfigurationList section */
	};
	rootObject = 84053A662481E93D00A698AA /* Project object */;
}
